
Microsoft Visual Studio Solution File, Format Version 12.00
# Visual Studio Version 17
VisualStudioVersion = 17.3.32929.385
MinimumVisualStudioVersion = 10.0.40219.1
Project("{FAE04EC0-301F-11D3-BF4B-00C04F79EFBC}") = "Exec_For05", "Exec_For05\Exec_For05.csproj", "{8779B6D4-EE7F-4238-86FE-8EDACD24D8EC}"
EndProject
Global
	GlobalSection(SolutionConfigurationPlatforms) = preSolution
		Debug|Any CPU = Debug|Any CPU
		Release|Any CPU = Release|Any CPU
	EndGlobalSection
	GlobalSection(ProjectConfigurationPlatforms) = postSolution
		{8779B6D4-EE7F-4238-86FE-8EDACD24D8EC}.Debug|Any CPU.ActiveCfg = Debug|Any CPU
		{8779B6D4-EE7F-4238-86FE-8EDACD24D8EC}.Debug|Any CPU.Build.0 = Debug|Any CPU
		{8779B6D4-EE7F-4238-86FE-8EDACD24D8EC}.Release|Any CPU.ActiveCfg = Release|Any CPU
		{8779B6D4-EE7F-4238-86FE-8EDACD24D8EC}.Release|Any CPU.Build.0 = Release|Any CPU
	EndGlobalSection
	GlobalSection(SolutionProperties) = preSolution
		HideSolutionNode = FALSE
	EndGlobalSection
	GlobalSection(ExtensibilityGlobals) = postSolution
		SolutionGuid = {4B38D36D-458C-475F-AD7D-2304A8758B7D}
	EndGlobalSection
EndGlobal
